
Microsoft Visual Studio Solution File, Format Version 12.00
# Visual Studio Version 17
VisualStudioVersion = 17.7.34031.279
MinimumVisualStudioVersion = 10.0.40219.1
Project("{FAE04EC0-301F-11D3-BF4B-00C04F79EFBC}") = "WebAPIControlMuelles", "WebAPIControlMuelles\WebAPIControlMuelles.csproj", "{8991D2A0-7716-40E6-A4EF-1F64CA35776B}"
EndProject
Global
	GlobalSection(SolutionConfigurationPlatforms) = preSolution
		Debug|Any CPU = Debug|Any CPU
		Release|Any CPU = Release|Any CPU
	EndGlobalSection
	GlobalSection(ProjectConfigurationPlatforms) = postSolution
		{8991D2A0-7716-40E6-A4EF-1F64CA35776B}.Debug|Any CPU.ActiveCfg = Debug|Any CPU
		{8991D2A0-7716-40E6-A4EF-1F64CA35776B}.Debug|Any CPU.Build.0 = Debug|Any CPU
		{8991D2A0-7716-40E6-A4EF-1F64CA35776B}.Release|Any CPU.ActiveCfg = Release|Any CPU
		{8991D2A0-7716-40E6-A4EF-1F64CA35776B}.Release|Any CPU.Build.0 = Release|Any CPU
	EndGlobalSection
	GlobalSection(SolutionProperties) = preSolution
		HideSolutionNode = FALSE
	EndGlobalSection
	GlobalSection(ExtensibilityGlobals) = postSolution
		SolutionGuid = {B06EB5BB-AC9C-45B9-98A9-8A4D2F80D030}
	EndGlobalSection
EndGlobal
